
Microsoft Visual Studio Solution File, Format Version 12.00
# Visual Studio 15
VisualStudioVersion = 15.0.27130.2020
MinimumVisualStudioVersion = 10.0.40219.1
Project("{FAE04EC0-301F-11D3-BF4B-00C04F79EFBC}") = "List", "List\List.csproj", "{5A53C601-4D1B-4598-9AAC-B9D3C46B3C2F}"
EndProject
Project("{FAE04EC0-301F-11D3-BF4B-00C04F79EFBC}") = "Test", "Test\Test.csproj", "{4D10B0C6-6810-4C62-8D71-C2D76399F8C2}"
EndProject
Global
	GlobalSection(SolutionConfigurationPlatforms) = preSolution
		Debug|Any CPU = Debug|Any CPU
		Release|Any CPU = Release|Any CPU
	EndGlobalSection
	GlobalSection(ProjectConfigurationPlatforms) = postSolution
		{5A53C601-4D1B-4598-9AAC-B9D3C46B3C2F}.Debug|Any CPU.ActiveCfg = Debug|Any CPU
		{5A53C601-4D1B-4598-9AAC-B9D3C46B3C2F}.Debug|Any CPU.Build.0 = Debug|Any CPU
		{5A53C601-4D1B-4598-9AAC-B9D3C46B3C2F}.Release|Any CPU.ActiveCfg = Release|Any CPU
		{5A53C601-4D1B-4598-9AAC-B9D3C46B3C2F}.Release|Any CPU.Build.0 = Release|Any CPU
		{4D10B0C6-6810-4C62-8D71-C2D76399F8C2}.Debug|Any CPU.ActiveCfg = Debug|Any CPU
		{4D10B0C6-6810-4C62-8D71-C2D76399F8C2}.Debug|Any CPU.Build.0 = Debug|Any CPU
		{4D10B0C6-6810-4C62-8D71-C2D76399F8C2}.Release|Any CPU.ActiveCfg = Release|Any CPU
		{4D10B0C6-6810-4C62-8D71-C2D76399F8C2}.Release|Any CPU.Build.0 = Release|Any CPU
	EndGlobalSection
	GlobalSection(SolutionProperties) = preSolution
		HideSolutionNode = FALSE
	EndGlobalSection
	GlobalSection(ExtensibilityGlobals) = postSolution
		SolutionGuid = {6D523D48-2012-4FC8-857F-D7B3658FEF64}
	EndGlobalSection
EndGlobal
